
Microsoft Visual Studio Solution File, Format Version 12.00
# Visual Studio Version 17
VisualStudioVersion = 17.14.36518.9 d17.14
MinimumVisualStudioVersion = 10.0.40219.1
Project("{FAE04EC0-301F-11D3-BF4B-00C04F79EFBC}") = "proyecto-visual-sin-code", "proyecto-visual-sin-code\proyecto-visual-sin-code.csproj", "{DB2D3BD8-E646-4EB6-8696-381C22060847}"
EndProject
Global
	GlobalSection(SolutionConfigurationPlatforms) = preSolution
		Debug|Any CPU = Debug|Any CPU
		Release|Any CPU = Release|Any CPU
	EndGlobalSection
	GlobalSection(ProjectConfigurationPlatforms) = postSolution
		{DB2D3BD8-E646-4EB6-8696-381C22060847}.Debug|Any CPU.ActiveCfg = Debug|Any CPU
		{DB2D3BD8-E646-4EB6-8696-381C22060847}.Debug|Any CPU.Build.0 = Debug|Any CPU
		{DB2D3BD8-E646-4EB6-8696-381C22060847}.Release|Any CPU.ActiveCfg = Release|Any CPU
		{DB2D3BD8-E646-4EB6-8696-381C22060847}.Release|Any CPU.Build.0 = Release|Any CPU
	EndGlobalSection
	GlobalSection(SolutionProperties) = preSolution
		HideSolutionNode = FALSE
	EndGlobalSection
	GlobalSection(ExtensibilityGlobals) = postSolution
		SolutionGuid = {C744D87B-415D-472E-B8B4-7AD96F82B875}
	EndGlobalSection
EndGlobal
